# This file is automatically @generated by Cargo.
# It is not intended for manual editing.
version = 4

[[package]]
name = "allocator"
version = "0.1.0"
dependencies = [
 "utilities",
]

[[package]]
name = "bitmap"
version = "0.1.0"

[[package]]
name = "bitplane_manager"
version = "0.1.0"
dependencies = [
 "allocator",
 "bitmap",
 "chunk_storage",
 "coordinates",
 "utilities",
]

[[package]]
name = "chunk_storage"
version = "0.1.0"
dependencies = [
 "bitmap",
 "coordinates",
 "tessera",
 "utilities",
]

[[package]]
name = "coordinates"
version = "0.1.0"
dependencies = [
 "bitmap",
]

[[package]]
name = "pathfinding"
version = "0.1.0"

[[package]]
name = "simulation"
version = "0.1.0"
dependencies = [
 "bitmap",
 "bitplane_manager",
 "chunk_storage",
 "coordinates",
 "utilities",
]

[[package]]
name = "tessera"
version = "0.1.0"
dependencies = [
 "bitmap",
 "utilities",
]

[[package]]
name = "tilesim"
version = "0.1.0"
dependencies = [
 "bitmap",
 "bitplane_manager",
 "chunk_storage",
 "coordinates",
 "pathfinding",
 "simulation",
 "utilities",
]

[[package]]
name = "utilities"
version = "0.1.0"
